
Microsoft Visual Studio Solution File, Format Version 12.00
Project("{FAE04EC0-301F-11D3-BF4B-00C04F79EFBC}") = "Elevator.Api", "Elevator.Api\Elevator.Api.csproj", "{5EAEED04-3BA3-4FA0-8E3B-C9E67478525B}"
EndProject
Global
	GlobalSection(SolutionConfigurationPlatforms) = preSolution
		Debug|Any CPU = Debug|Any CPU
		Release|Any CPU = Release|Any CPU
	EndGlobalSection
	GlobalSection(ProjectConfigurationPlatforms) = postSolution
		{5EAEED04-3BA3-4FA0-8E3B-C9E67478525B}.Debug|Any CPU.ActiveCfg = Debug|Any CPU
		{5EAEED04-3BA3-4FA0-8E3B-C9E67478525B}.Debug|Any CPU.Build.0 = Debug|Any CPU
		{5EAEED04-3BA3-4FA0-8E3B-C9E67478525B}.Release|Any CPU.ActiveCfg = Release|Any CPU
		{5EAEED04-3BA3-4FA0-8E3B-C9E67478525B}.Release|Any CPU.Build.0 = Release|Any CPU
	EndGlobalSection
EndGlobal
